// !$*UTF8*$!
{
	archiveVersion = 1;
	classes = {
	};
	objectVersion = 50;
	objects = {

/* Begin PBXBuildFile section */
		831A212B21DE556D00E8822D /* AppDelegate.swift in Sources */ = {isa = PBXBuildFile; fileRef = 831A212A21DE556D00E8822D /* AppDelegate.swift */; };
		831A213221DE556D00E8822D /* Main.storyboard in Resources */ = {isa = PBXBuildFile; fileRef = 831A213021DE556D00E8822D /* Main.storyboard */; };
		831A213421DE557500E8822D /* Assets.xcassets in Resources */ = {isa = PBXBuildFile; fileRef = 831A213321DE557500E8822D /* Assets.xcassets */; };
		831A213721DE557500E8822D /* LaunchScreen.storyboard in Resources */ = {isa = PBXBuildFile; fileRef = 831A213521DE557500E8822D /* LaunchScreen.storyboard */; };
		831A214721DF439100E8822D /* Favorites.storyboard in Resources */ = {isa = PBXBuildFile; fileRef = 831A214621DF439100E8822D /* Favorites.storyboard */; };
		831A214921DF43A400E8822D /* Featured.storyboard in Resources */ = {isa = PBXBuildFile; fileRef = 831A214821DF43A400E8822D /* Featured.storyboard */; };
		831A214C21DF54E300E8822D /* Gallery.storyboard in Resources */ = {isa = PBXBuildFile; fileRef = 831A214B21DF54E300E8822D /* Gallery.storyboard */; };
		831A215121DF554100E8822D /* ImageCell.swift in Sources */ = {isa = PBXBuildFile; fileRef = 831A214F21DF554100E8822D /* ImageCell.swift */; };
		831A215221DF554100E8822D /* ImageCell.xib in Resources */ = {isa = PBXBuildFile; fileRef = 831A215021DF554100E8822D /* ImageCell.xib */; };
		831A215421DF555700E8822D /* GalleryViewController.swift in Sources */ = {isa = PBXBuildFile; fileRef = 831A215321DF555700E8822D /* GalleryViewController.swift */; };
		831B0E7B21DF602B006B4C32 /* R.generated.swift in Sources */ = {isa = PBXBuildFile; fileRef = 831B0E7A21DF602B006B4C32 /* R.generated.swift */; };
		831B0E7E21E0F6F0006B4C32 /* PhotoGridLayout.swift in Sources */ = {isa = PBXBuildFile; fileRef = 831B0E7D21E0F6F0006B4C32 /* PhotoGridLayout.swift */; };
		831B0E8221E105E6006B4C32 /* UnsplashPhotoListRequest.swift in Sources */ = {isa = PBXBuildFile; fileRef = 831B0E8121E105E6006B4C32 /* UnsplashPhotoListRequest.swift */; };
		831B0E8621E105FF006B4C32 /* UnsplashPhotoListOptions.swift in Sources */ = {isa = PBXBuildFile; fileRef = 831B0E8521E105FF006B4C32 /* UnsplashPhotoListOptions.swift */; };
		831B0E8821E10619006B4C32 /* UnsplashPhotoList.swift in Sources */ = {isa = PBXBuildFile; fileRef = 831B0E8721E10619006B4C32 /* UnsplashPhotoList.swift */; };
		831B0E8C21E10730006B4C32 /* RequestBase.swift in Sources */ = {isa = PBXBuildFile; fileRef = 831B0E8B21E10730006B4C32 /* RequestBase.swift */; };
		831B0E9021E107F7006B4C32 /* NetworkingEnums.swift in Sources */ = {isa = PBXBuildFile; fileRef = 831B0E8F21E107F7006B4C32 /* NetworkingEnums.swift */; };
		831B0E9221E108AA006B4C32 /* UnsplashNetworkingEnums.swift in Sources */ = {isa = PBXBuildFile; fileRef = 831B0E9121E108AA006B4C32 /* UnsplashNetworkingEnums.swift */; };
		831B0E9421E23846006B4C32 /* RequestBaseDefault.swift in Sources */ = {isa = PBXBuildFile; fileRef = 831B0E9321E23846006B4C32 /* RequestBaseDefault.swift */; };
		831B0E9621E238B9006B4C32 /* UnsplashRequestBaseDefault.swift in Sources */ = {isa = PBXBuildFile; fileRef = 831B0E9521E238B9006B4C32 /* UnsplashRequestBaseDefault.swift */; };
		831B0E9821E23A14006B4C32 /* RequestParameterBase.swift in Sources */ = {isa = PBXBuildFile; fileRef = 831B0E9721E23A14006B4C32 /* RequestParameterBase.swift */; };
		831B0E9B21E23ADF006B4C32 /* Dictionary+Operators.swift in Sources */ = {isa = PBXBuildFile; fileRef = 831B0E9A21E23ADF006B4C32 /* Dictionary+Operators.swift */; };
		8331336321E2CD9800DE9F36 /* UnsplashPhotoUrls.swift in Sources */ = {isa = PBXBuildFile; fileRef = 8331336221E2CD9800DE9F36 /* UnsplashPhotoUrls.swift */; };
		8331336621E2D1B400DE9F36 /* UIImage+Url.swift in Sources */ = {isa = PBXBuildFile; fileRef = 8331336521E2D1B400DE9F36 /* UIImage+Url.swift */; };
		8331336B21E2DF0900DE9F36 /* SortType.swift in Sources */ = {isa = PBXBuildFile; fileRef = 8331336A21E2DF0900DE9F36 /* SortType.swift */; };
		8331336E21E4351500DE9F36 /* PhotoDetails.storyboard in Resources */ = {isa = PBXBuildFile; fileRef = 8331336D21E4351500DE9F36 /* PhotoDetails.storyboard */; };
		8331337021E4352900DE9F36 /* PhotoDetailsViewController.swift in Sources */ = {isa = PBXBuildFile; fileRef = 8331336F21E4352900DE9F36 /* PhotoDetailsViewController.swift */; };
		8331337421E584C200DE9F36 /* UnsplashPhotoSearchOptions.swift in Sources */ = {isa = PBXBuildFile; fileRef = 8331337321E584C200DE9F36 /* UnsplashPhotoSearchOptions.swift */; };
		8331337621E584D100DE9F36 /* UnsplashPhotoSearchRequest.swift in Sources */ = {isa = PBXBuildFile; fileRef = 8331337521E584D100DE9F36 /* UnsplashPhotoSearchRequest.swift */; };
		8331337821E584E700DE9F36 /* UnsplashPhotoSearchResponse.swift in Sources */ = {isa = PBXBuildFile; fileRef = 8331337721E584E700DE9F36 /* UnsplashPhotoSearchResponse.swift */; };
		8331337A21E594AB00DE9F36 /* GalleryViewController+CollectionView.swift in Sources */ = {isa = PBXBuildFile; fileRef = 8331337921E594AB00DE9F36 /* GalleryViewController+CollectionView.swift */; };
		83780CD221E5A87C00B65AEE /* FeaturedViewController.swift in Sources */ = {isa = PBXBuildFile; fileRef = 83780CD121E5A87C00B65AEE /* FeaturedViewController.swift */; };
		83780CD821E63FEC00B65AEE /* Saved.swift in Sources */ = {isa = PBXBuildFile; fileRef = 83780CD721E63FEC00B65AEE /* Saved.swift */; };
		83780CDA21E6414500B65AEE /* FavoritesViewController.swift in Sources */ = {isa = PBXBuildFile; fileRef = 83780CD921E6414500B65AEE /* FavoritesViewController.swift */; };
		83780CDC21E653AD00B65AEE /* UnsplashAuthorInfo.swift in Sources */ = {isa = PBXBuildFile; fileRef = 83780CDB21E653AD00B65AEE /* UnsplashAuthorInfo.swift */; };
		F54518CFC6BF18CD0D92E3E8 /* Pods_In_Sight.framework in Frameworks */ = {isa = PBXBuildFile; fileRef = 95195A74D26C006CC6B585AE /* Pods_In_Sight.framework */; };
/* End PBXBuildFile section */

/* Begin PBXFileReference section */
		09EB277B61C0CB37301688FE /* Pods-In Sight.release.xcconfig */ = {isa = PBXFileReference; includeInIndex = 1; lastKnownFileType = text.xcconfig; name = "Pods-In Sight.release.xcconfig"; path = "Pods/Target Support Files/Pods-In Sight/Pods-In Sight.release.xcconfig"; sourceTree = "<group>"; };
		831A212721DE556D00E8822D /* In Sight.app */ = {isa = PBXFileReference; explicitFileType = wrapper.application; includeInIndex = 0; path = "In Sight.app"; sourceTree = BUILT_PRODUCTS_DIR; };
		831A212A21DE556D00E8822D /* AppDelegate.swift */ = {isa = PBXFileReference; lastKnownFileType = sourcecode.swift; path = AppDelegate.swift; sourceTree = "<group>"; };
		831A213121DE556D00E8822D /* Base */ = {isa = PBXFileReference; lastKnownFileType = file.storyboard; name = Base; path = Base.lproj/Main.storyboard; sourceTree = "<group>"; };
		831A213321DE557500E8822D /* Assets.xcassets */ = {isa = PBXFileReference; lastKnownFileType = folder.assetcatalog; path = Assets.xcassets; sourceTree = "<group>"; };
		831A213621DE557500E8822D /* Base */ = {isa = PBXFileReference; lastKnownFileType = file.storyboard; name = Base; path = Base.lproj/LaunchScreen.storyboard; sourceTree = "<group>"; };
		831A213821DE557500E8822D /* Info.plist */ = {isa = PBXFileReference; lastKnownFileType = text.plist.xml; path = Info.plist; sourceTree = "<group>"; };
		831A214621DF439100E8822D /* Favorites.storyboard */ = {isa = PBXFileReference; lastKnownFileType = file.storyboard; path = Favorites.storyboard; sourceTree = "<group>"; };
		831A214821DF43A400E8822D /* Featured.storyboard */ = {isa = PBXFileReference; lastKnownFileType = file.storyboard; path = Featured.storyboard; sourceTree = "<group>"; };
		831A214B21DF54E300E8822D /* Gallery.storyboard */ = {isa = PBXFileReference; lastKnownFileType = file.storyboard; path = Gallery.storyboard; sourceTree = "<group>"; };
		831A214F21DF554100E8822D /* ImageCell.swift */ = {isa = PBXFileReference; lastKnownFileType = sourcecode.swift; path = ImageCell.swift; sourceTree = "<group>"; };
		831A215021DF554100E8822D /* ImageCell.xib */ = {isa = PBXFileReference; lastKnownFileType = file.xib; path = ImageCell.xib; sourceTree = "<group>"; };
		831A215321DF555700E8822D /* GalleryViewController.swift */ = {isa = PBXFileReference; lastKnownFileType = sourcecode.swift; path = GalleryViewController.swift; sourceTree = "<group>"; };
		831B0E7A21DF602B006B4C32 /* R.generated.swift */ = {isa = PBXFileReference; fileEncoding = 4; lastKnownFileType = sourcecode.swift; path = R.generated.swift; sourceTree = SOURCE_ROOT; };
		831B0E7D21E0F6F0006B4C32 /* PhotoGridLayout.swift */ = {isa = PBXFileReference; lastKnownFileType = sourcecode.swift; path = PhotoGridLayout.swift; sourceTree = "<group>"; };
		831B0E8121E105E6006B4C32 /* UnsplashPhotoListRequest.swift */ = {isa = PBXFileReference; lastKnownFileType = sourcecode.swift; path = UnsplashPhotoListRequest.swift; sourceTree = "<group>"; };
		831B0E8521E105FF006B4C32 /* UnsplashPhotoListOptions.swift */ = {isa = PBXFileReference; lastKnownFileType = sourcecode.swift; path = UnsplashPhotoListOptions.swift; sourceTree = "<group>"; };
		831B0E8721E10619006B4C32 /* UnsplashPhotoList.swift */ = {isa = PBXFileReference; lastKnownFileType = sourcecode.swift; path = UnsplashPhotoList.swift; sourceTree = "<group>"; };
		831B0E8B21E10730006B4C32 /* RequestBase.swift */ = {isa = PBXFileReference; lastKnownFileType = sourcecode.swift; path = RequestBase.swift; sourceTree = "<group>"; };
		831B0E8F21E107F7006B4C32 /* NetworkingEnums.swift */ = {isa = PBXFileReference; lastKnownFileType = sourcecode.swift; path = NetworkingEnums.swift; sourceTree = "<group>"; };
		831B0E9121E108AA006B4C32 /* UnsplashNetworkingEnums.swift */ = {isa = PBXFileReference; lastKnownFileType = sourcecode.swift; path = UnsplashNetworkingEnums.swift; sourceTree = "<group>"; };
		831B0E9321E23846006B4C32 /* RequestBaseDefault.swift */ = {isa = PBXFileReference; lastKnownFileType = sourcecode.swift; path = RequestBaseDefault.swift; sourceTree = "<group>"; };
		831B0E9521E238B9006B4C32 /* UnsplashRequestBaseDefault.swift */ = {isa = PBXFileReference; lastKnownFileType = sourcecode.swift; path = UnsplashRequestBaseDefault.swift; sourceTree = "<group>"; };
		831B0E9721E23A14006B4C32 /* RequestParameterBase.swift */ = {isa = PBXFileReference; lastKnownFileType = sourcecode.swift; path = RequestParameterBase.swift; sourceTree = "<group>"; };
		831B0E9A21E23ADF006B4C32 /* Dictionary+Operators.swift */ = {isa = PBXFileReference; lastKnownFileType = sourcecode.swift; path = "Dictionary+Operators.swift"; sourceTree = "<group>"; };
		8331336221E2CD9800DE9F36 /* UnsplashPhotoUrls.swift */ = {isa = PBXFileReference; lastKnownFileType = sourcecode.swift; path = UnsplashPhotoUrls.swift; sourceTree = "<group>"; };
		8331336521E2D1B400DE9F36 /* UIImage+Url.swift */ = {isa = PBXFileReference; lastKnownFileType = sourcecode.swift; path = "UIImage+Url.swift"; sourceTree = "<group>"; };
		8331336A21E2DF0900DE9F36 /* SortType.swift */ = {isa = PBXFileReference; lastKnownFileType = sourcecode.swift; path = SortType.swift; sourceTree = "<group>"; };
		8331336D21E4351500DE9F36 /* PhotoDetails.storyboard */ = {isa = PBXFileReference; lastKnownFileType = file.storyboard; path = PhotoDetails.storyboard; sourceTree = "<group>"; };
		8331336F21E4352900DE9F36 /* PhotoDetailsViewController.swift */ = {isa = PBXFileReference; lastKnownFileType = sourcecode.swift; path = PhotoDetailsViewController.swift; sourceTree = "<group>"; };
		8331337321E584C200DE9F36 /* UnsplashPhotoSearchOptions.swift */ = {isa = PBXFileReference; lastKnownFileType = sourcecode.swift; path = UnsplashPhotoSearchOptions.swift; sourceTree = "<group>"; };
		8331337521E584D100DE9F36 /* UnsplashPhotoSearchRequest.swift */ = {isa = PBXFileReference; lastKnownFileType = sourcecode.swift; path = UnsplashPhotoSearchRequest.swift; sourceTree = "<group>"; };
		8331337721E584E700DE9F36 /* UnsplashPhotoSearchResponse.swift */ = {isa = PBXFileReference; lastKnownFileType = sourcecode.swift; path = UnsplashPhotoSearchResponse.swift; sourceTree = "<group>"; };
		8331337921E594AB00DE9F36 /* GalleryViewController+CollectionView.swift */ = {isa = PBXFileReference; lastKnownFileType = sourcecode.swift; path = "GalleryViewController+CollectionView.swift"; sourceTree = "<group>"; };
		83780CD121E5A87C00B65AEE /* FeaturedViewController.swift */ = {isa = PBXFileReference; lastKnownFileType = sourcecode.swift; path = FeaturedViewController.swift; sourceTree = "<group>"; };
		83780CD721E63FEC00B65AEE /* Saved.swift */ = {isa = PBXFileReference; lastKnownFileType = sourcecode.swift; path = Saved.swift; sourceTree = "<group>"; };
		83780CD921E6414500B65AEE /* FavoritesViewController.swift */ = {isa = PBXFileReference; lastKnownFileType = sourcecode.swift; path = FavoritesViewController.swift; sourceTree = "<group>"; };
		83780CDB21E653AD00B65AEE /* UnsplashAuthorInfo.swift */ = {isa = PBXFileReference; lastKnownFileType = sourcecode.swift; path = UnsplashAuthorInfo.swift; sourceTree = "<group>"; };
		8B805CCAE0E77FC7B42749F9 /* Pods-In Sight.debug.xcconfig */ = {isa = PBXFileReference; includeInIndex = 1; lastKnownFileType = text.xcconfig; name = "Pods-In Sight.debug.xcconfig"; path = "Pods/Target Support Files/Pods-In Sight/Pods-In Sight.debug.xcconfig"; sourceTree = "<group>"; };
		95195A74D26C006CC6B585AE /* Pods_In_Sight.framework */ = {isa = PBXFileReference; explicitFileType = wrapper.framework; includeInIndex = 0; path = Pods_In_Sight.framework; sourceTree = BUILT_PRODUCTS_DIR; };
/* End PBXFileReference section */

/* Begin PBXFrameworksBuildPhase section */
		831A212421DE556D00E8822D /* Frameworks */ = {
			isa = PBXFrameworksBuildPhase;
			buildActionMask = 2147483647;
			files = (
				F54518CFC6BF18CD0D92E3E8 /* Pods_In_Sight.framework in Frameworks */,
			);
			runOnlyForDeploymentPostprocessing = 0;
		};
/* End PBXFrameworksBuildPhase section */

/* Begin PBXGroup section */
		760C68FCB6C6417A4E513C84 /* Pods */ = {
			isa = PBXGroup;
			children = (
				8B805CCAE0E77FC7B42749F9 /* Pods-In Sight.debug.xcconfig */,
				09EB277B61C0CB37301688FE /* Pods-In Sight.release.xcconfig */,
			);
			name = Pods;
			sourceTree = "<group>";
		};
		831A211E21DE556D00E8822D = {
			isa = PBXGroup;
			children = (
				831A212921DE556D00E8822D /* In Sight */,
				831A212821DE556D00E8822D /* Products */,
				760C68FCB6C6417A4E513C84 /* Pods */,
				90AF4170E280FB686492E9E3 /* Frameworks */,
			);
			sourceTree = "<group>";
		};
		831A212821DE556D00E8822D /* Products */ = {
			isa = PBXGroup;
			children = (
				831A212721DE556D00E8822D /* In Sight.app */,
			);
			name = Products;
			sourceTree = "<group>";
		};
		831A212921DE556D00E8822D /* In Sight */ = {
			isa = PBXGroup;
			children = (
				831B0E8D21E107E4006B4C32 /* Enumerators */,
				831B0E8921E1070D006B4C32 /* Helpers */,
				831A214221DE55C300E8822D /* Models */,
				831A214121DE55AF00E8822D /* Views */,
				831A213F21DE558F00E8822D /* Networking */,
				831A213E21DE558600E8822D /* Controllers */,
				831A214021DE559A00E8822D /* Extensions */,
				831A212A21DE556D00E8822D /* AppDelegate.swift */,
				831A213321DE557500E8822D /* Assets.xcassets */,
				831A213521DE557500E8822D /* LaunchScreen.storyboard */,
				831B0E7A21DF602B006B4C32 /* R.generated.swift */,
				831A213821DE557500E8822D /* Info.plist */,
			);
			path = "In Sight";
			sourceTree = "<group>";
		};
		831A213E21DE558600E8822D /* Controllers */ = {
			isa = PBXGroup;
			children = (
				831A214D21DF551B00E8822D /* Common */,
				831A214521DF2AF600E8822D /* Main */,
				831A214421DF2AE800E8822D /* Favorites */,
				831A214321DE563700E8822D /* Featured */,
			);
			path = Controllers;
			sourceTree = "<group>";
		};
		831A213F21DE558F00E8822D /* Networking */ = {
			isa = PBXGroup;
			children = (
				831B0E7F21E105B5006B4C32 /* Unsplash API */,
			);
			path = Networking;
			sourceTree = "<group>";
		};
		831A214021DE559A00E8822D /* Extensions */ = {
			isa = PBXGroup;
			children = (
				8331336421E2D19800DE9F36 /* UIImage */,
				831B0E9921E23ACC006B4C32 /* Dictionaries */,
			);
			path = Extensions;
			sourceTree = "<group>";
		};
		831A214121DE55AF00E8822D /* Views */ = {
			isa = PBXGroup;
			children = (
			);
			path = Views;
			sourceTree = "<group>";
		};
		831A214221DE55C300E8822D /* Models */ = {
			isa = PBXGroup;
			children = (
				83780CD621E63FD800B65AEE /* Saved */,
			);
			path = Models;
			sourceTree = "<group>";
		};
		831A214321DE563700E8822D /* Featured */ = {
			isa = PBXGroup;
			children = (
				831A214821DF43A400E8822D /* Featured.storyboard */,
				83780CD121E5A87C00B65AEE /* FeaturedViewController.swift */,
			);
			path = Featured;
			sourceTree = "<group>";
		};
		831A214421DF2AE800E8822D /* Favorites */ = {
			isa = PBXGroup;
			children = (
				831A214621DF439100E8822D /* Favorites.storyboard */,
				83780CD921E6414500B65AEE /* FavoritesViewController.swift */,
			);
			path = Favorites;
			sourceTree = "<group>";
		};
		831A214521DF2AF600E8822D /* Main */ = {
			isa = PBXGroup;
			children = (
				831A213021DE556D00E8822D /* Main.storyboard */,
			);
			path = Main;
			sourceTree = "<group>";
		};
		831A214A21DF54CA00E8822D /* Gallery */ = {
			isa = PBXGroup;
			children = (
				831A214B21DF54E300E8822D /* Gallery.storyboard */,
				831A215321DF555700E8822D /* GalleryViewController.swift */,
				8331337921E594AB00DE9F36 /* GalleryViewController+CollectionView.swift */,
				831B0E7C21E0F6B9006B4C32 /* Layouts */,
				831A214E21DF552A00E8822D /* Views */,
			);
			path = Gallery;
			sourceTree = "<group>";
		};
		831A214D21DF551B00E8822D /* Common */ = {
			isa = PBXGroup;
			children = (
				8331336C21E434FF00DE9F36 /* PhotoDetails */,
				831A214A21DF54CA00E8822D /* Gallery */,
			);
			path = Common;
			sourceTree = "<group>";
		};
		831A214E21DF552A00E8822D /* Views */ = {
			isa = PBXGroup;
			children = (
				831A214F21DF554100E8822D /* ImageCell.swift */,
				831A215021DF554100E8822D /* ImageCell.xib */,
			);
			path = Views;
			sourceTree = "<group>";
		};
		831B0E7C21E0F6B9006B4C32 /* Layouts */ = {
			isa = PBXGroup;
			children = (
				831B0E7D21E0F6F0006B4C32 /* PhotoGridLayout.swift */,
			);
			path = Layouts;
			sourceTree = "<group>";
		};
		831B0E7F21E105B5006B4C32 /* Unsplash API */ = {
			isa = PBXGroup;
			children = (
				8331337221E5849D00DE9F36 /* Photo Search */,
				831B0E8021E105BF006B4C32 /* Photo List */,
			);
			path = "Unsplash API";
			sourceTree = "<group>";
		};
		831B0E8021E105BF006B4C32 /* Photo List */ = {
			isa = PBXGroup;
			children = (
				831B0E8521E105FF006B4C32 /* UnsplashPhotoListOptions.swift */,
				831B0E8121E105E6006B4C32 /* UnsplashPhotoListRequest.swift */,
				8331336121E2CD7C00DE9F36 /* Models */,
				8331336721E2DED200DE9F36 /* Enumerators */,
			);
			path = "Photo List";
			sourceTree = "<group>";
		};
		831B0E8921E1070D006B4C32 /* Helpers */ = {
			isa = PBXGroup;
			children = (
				831B0E8A21E10715006B4C32 /* Networking */,
			);
			path = Helpers;
			sourceTree = "<group>";
		};
		831B0E8A21E10715006B4C32 /* Networking */ = {
			isa = PBXGroup;
			children = (
				831B0E8B21E10730006B4C32 /* RequestBase.swift */,
				831B0E9321E23846006B4C32 /* RequestBaseDefault.swift */,
				831B0E9521E238B9006B4C32 /* UnsplashRequestBaseDefault.swift */,
				831B0E9721E23A14006B4C32 /* RequestParameterBase.swift */,
			);
			path = Networking;
			sourceTree = "<group>";
		};
		831B0E8D21E107E4006B4C32 /* Enumerators */ = {
			isa = PBXGroup;
			children = (
				831B0E8E21E107EA006B4C32 /* Networking */,
			);
			path = Enumerators;
			sourceTree = "<group>";
		};
		831B0E8E21E107EA006B4C32 /* Networking */ = {
			isa = PBXGroup;
			children = (
				831B0E8F21E107F7006B4C32 /* NetworkingEnums.swift */,
				831B0E9121E108AA006B4C32 /* UnsplashNetworkingEnums.swift */,
			);
			path = Networking;
			sourceTree = "<group>";
		};
		831B0E9921E23ACC006B4C32 /* Dictionaries */ = {
			isa = PBXGroup;
			children = (
				831B0E9A21E23ADF006B4C32 /* Dictionary+Operators.swift */,
			);
			path = Dictionaries;
			sourceTree = "<group>";
		};
		8331336121E2CD7C00DE9F36 /* Models */ = {
			isa = PBXGroup;
			children = (
				831B0E8721E10619006B4C32 /* UnsplashPhotoList.swift */,
				8331336221E2CD9800DE9F36 /* UnsplashPhotoUrls.swift */,
				83780CDB21E653AD00B65AEE /* UnsplashAuthorInfo.swift */,
			);
			path = Models;
			sourceTree = "<group>";
		};
		8331336421E2D19800DE9F36 /* UIImage */ = {
			isa = PBXGroup;
			children = (
				8331336521E2D1B400DE9F36 /* UIImage+Url.swift */,
			);
			path = UIImage;
			sourceTree = "<group>";
		};
		8331336721E2DED200DE9F36 /* Enumerators */ = {
			isa = PBXGroup;
			children = (
				8331336A21E2DF0900DE9F36 /* SortType.swift */,
			);
			path = Enumerators;
			sourceTree = "<group>";
		};
		8331336C21E434FF00DE9F36 /* PhotoDetails */ = {
			isa = PBXGroup;
			children = (
				8331336D21E4351500DE9F36 /* PhotoDetails.storyboard */,
				8331336F21E4352900DE9F36 /* PhotoDetailsViewController.swift */,
			);
			path = PhotoDetails;
			sourceTree = "<group>";
		};
		8331337221E5849D00DE9F36 /* Photo Search */ = {
			isa = PBXGroup;
			children = (
				8331337321E584C200DE9F36 /* UnsplashPhotoSearchOptions.swift */,
				8331337521E584D100DE9F36 /* UnsplashPhotoSearchRequest.swift */,
				8331337721E584E700DE9F36 /* UnsplashPhotoSearchResponse.swift */,
			);
			path = "Photo Search";
			sourceTree = "<group>";
		};
		83780CD621E63FD800B65AEE /* Saved */ = {
			isa = PBXGroup;
			children = (
				83780CD721E63FEC00B65AEE /* Saved.swift */,
			);
			path = Saved;
			sourceTree = "<group>";
		};
		90AF4170E280FB686492E9E3 /* Frameworks */ = {
			isa = PBXGroup;
			children = (
				95195A74D26C006CC6B585AE /* Pods_In_Sight.framework */,
			);
			name = Frameworks;
			sourceTree = "<group>";
		};
/* End PBXGroup section */

/* Begin PBXNativeTarget section */
		831A212621DE556D00E8822D /* In Sight */ = {
			isa = PBXNativeTarget;
			buildConfigurationList = 831A213B21DE557500E8822D /* Build configuration list for PBXNativeTarget "In Sight" */;
			buildPhases = (
				0278ED85958076F6194CAB4C /* [CP] Check Pods Manifest.lock */,
				831B0E7921DF5F1F006B4C32 /* ShellScript */,
				831A212321DE556D00E8822D /* Sources */,
				831A212421DE556D00E8822D /* Frameworks */,
				831A212521DE556D00E8822D /* Resources */,
				945F5F73D277726C33A547B2 /* [CP] Embed Pods Frameworks */,
			);
			buildRules = (
			);
			dependencies = (
			);
			name = "In Sight";
			productName = "In Sight";
			productReference = 831A212721DE556D00E8822D /* In Sight.app */;
			productType = "com.apple.product-type.application";
		};
/* End PBXNativeTarget section */

/* Begin PBXProject section */
		831A211F21DE556D00E8822D /* Project object */ = {
			isa = PBXProject;
			attributes = {
				LastSwiftUpdateCheck = 1010;
				LastUpgradeCheck = 1010;
				ORGANIZATIONNAME = Freelancer;
				TargetAttributes = {
					831A212621DE556D00E8822D = {
						CreatedOnToolsVersion = 10.1;
					};
				};
			};
			buildConfigurationList = 831A212221DE556D00E8822D /* Build configuration list for PBXProject "In Sight" */;
			compatibilityVersion = "Xcode 9.3";
			developmentRegion = en;
			hasScannedForEncodings = 0;
			knownRegions = (
				en,
				Base,
			);
			mainGroup = 831A211E21DE556D00E8822D;
			productRefGroup = 831A212821DE556D00E8822D /* Products */;
			projectDirPath = "";
			projectRoot = "";
			targets = (
				831A212621DE556D00E8822D /* In Sight */,
			);
		};
/* End PBXProject section */

/* Begin PBXResourcesBuildPhase section */
		831A212521DE556D00E8822D /* Resources */ = {
			isa = PBXResourcesBuildPhase;
			buildActionMask = 2147483647;
			files = (
				831A213721DE557500E8822D /* LaunchScreen.storyboard in Resources */,
				831A214C21DF54E300E8822D /* Gallery.storyboard in Resources */,
				831A215221DF554100E8822D /* ImageCell.xib in Resources */,
				831A214921DF43A400E8822D /* Featured.storyboard in Resources */,
				831A213421DE557500E8822D /* Assets.xcassets in Resources */,
				831A214721DF439100E8822D /* Favorites.storyboard in Resources */,
				8331336E21E4351500DE9F36 /* PhotoDetails.storyboard in Resources */,
				831A213221DE556D00E8822D /* Main.storyboard in Resources */,
			);
			runOnlyForDeploymentPostprocessing = 0;
		};
/* End PBXResourcesBuildPhase section */

/* Begin PBXShellScriptBuildPhase section */
		0278ED85958076F6194CAB4C /* [CP] Check Pods Manifest.lock */ = {
			isa = PBXShellScriptBuildPhase;
			buildActionMask = 2147483647;
			files = (
			);
			inputPaths = (
				"${PODS_PODFILE_DIR_PATH}/Podfile.lock",
				"${PODS_ROOT}/Manifest.lock",
			);
			name = "[CP] Check Pods Manifest.lock";
			outputPaths = (
				"$(DERIVED_FILE_DIR)/Pods-In Sight-checkManifestLockResult.txt",
			);
			runOnlyForDeploymentPostprocessing = 0;
			shellPath = /bin/sh;
			shellScript = "diff \"${PODS_PODFILE_DIR_PATH}/Podfile.lock\" \"${PODS_ROOT}/Manifest.lock\" > /dev/null\nif [ $? != 0 ] ; then\n    # print error to STDERR\n    echo \"error: The sandbox is not in sync with the Podfile.lock. Run 'pod install' or update your CocoaPods installation.\" >&2\n    exit 1\nfi\n# This output is used by Xcode 'outputs' to avoid re-running this script phase.\necho \"SUCCESS\" > \"${SCRIPT_OUTPUT_FILE_0}\"\n";
			showEnvVarsInLog = 0;
		};
		831B0E7921DF5F1F006B4C32 /* ShellScript */ = {
			isa = PBXShellScriptBuildPhase;
			buildActionMask = 2147483647;
			files = (
			);
			inputPaths = (
				"$TEMP_DIR/rswift-lastrun",
			);
			outputPaths = (
				$SRCROOT/R.generated.swift,
			);
			runOnlyForDeploymentPostprocessing = 0;
			shellPath = /bin/sh;
			shellScript = "\"$PODS_ROOT/R.swift/rswift\" generate \"$SRCROOT/R.generated.swift\"\n\"${PODS_ROOT}/SwiftLint/swiftlint\"\n";
		};
		945F5F73D277726C33A547B2 /* [CP] Embed Pods Frameworks */ = {
			isa = PBXShellScriptBuildPhase;
			buildActionMask = 2147483647;
			files = (
			);
			inputPaths = (
				"${SRCROOT}/Pods/Target Support Files/Pods-In Sight/Pods-In Sight-frameworks.sh",
				"${BUILT_PRODUCTS_DIR}/Alamofire/Alamofire.framework",
				"${BUILT_PRODUCTS_DIR}/AlamofireObjectMapper/AlamofireObjectMapper.framework",
				"${BUILT_PRODUCTS_DIR}/Kingfisher/Kingfisher.framework",
				"${BUILT_PRODUCTS_DIR}/ObjectMapper/ObjectMapper.framework",
				"${BUILT_PRODUCTS_DIR}/R.swift.Library/Rswift.framework",
				"${BUILT_PRODUCTS_DIR}/SwiftDate/SwiftDate.framework",
			);
			name = "[CP] Embed Pods Frameworks";
			outputPaths = (
				"${TARGET_BUILD_DIR}/${FRAMEWORKS_FOLDER_PATH}/Alamofire.framework",
				"${TARGET_BUILD_DIR}/${FRAMEWORKS_FOLDER_PATH}/AlamofireObjectMapper.framework",
				"${TARGET_BUILD_DIR}/${FRAMEWORKS_FOLDER_PATH}/Kingfisher.framework",
				"${TARGET_BUILD_DIR}/${FRAMEWORKS_FOLDER_PATH}/ObjectMapper.framework",
				"${TARGET_BUILD_DIR}/${FRAMEWORKS_FOLDER_PATH}/Rswift.framework",
				"${TARGET_BUILD_DIR}/${FRAMEWORKS_FOLDER_PATH}/SwiftDate.framework",
			);
			runOnlyForDeploymentPostprocessing = 0;
			shellPath = /bin/sh;
			shellScript = "\"${SRCROOT}/Pods/Target Support Files/Pods-In Sight/Pods-In Sight-frameworks.sh\"\n";
			showEnvVarsInLog = 0;
		};
/* End PBXShellScriptBuildPhase section */

/* Begin PBXSourcesBuildPhase section */
		831A212321DE556D00E8822D /* Sources */ = {
			isa = PBXSourcesBuildPhase;
			buildActionMask = 2147483647;
			files = (
				83780CDA21E6414500B65AEE /* FavoritesViewController.swift in Sources */,
				83780CDC21E653AD00B65AEE /* UnsplashAuthorInfo.swift in Sources */,
				831B0E8221E105E6006B4C32 /* UnsplashPhotoListRequest.swift in Sources */,
				831B0E8621E105FF006B4C32 /* UnsplashPhotoListOptions.swift in Sources */,
				831B0E7E21E0F6F0006B4C32 /* PhotoGridLayout.swift in Sources */,
				831A215121DF554100E8822D /* ImageCell.swift in Sources */,
				831B0E9B21E23ADF006B4C32 /* Dictionary+Operators.swift in Sources */,
				831B0E9421E23846006B4C32 /* RequestBaseDefault.swift in Sources */,
				8331337621E584D100DE9F36 /* UnsplashPhotoSearchRequest.swift in Sources */,
				8331337421E584C200DE9F36 /* UnsplashPhotoSearchOptions.swift in Sources */,
				831A215421DF555700E8822D /* GalleryViewController.swift in Sources */,
				831B0E9221E108AA006B4C32 /* UnsplashNetworkingEnums.swift in Sources */,
				831B0E9021E107F7006B4C32 /* NetworkingEnums.swift in Sources */,
				8331337821E584E700DE9F36 /* UnsplashPhotoSearchResponse.swift in Sources */,
				8331337A21E594AB00DE9F36 /* GalleryViewController+CollectionView.swift in Sources */,
				8331337021E4352900DE9F36 /* PhotoDetailsViewController.swift in Sources */,
				831B0E8C21E10730006B4C32 /* RequestBase.swift in Sources */,
				8331336621E2D1B400DE9F36 /* UIImage+Url.swift in Sources */,
				831A212B21DE556D00E8822D /* AppDelegate.swift in Sources */,
				831B0E9821E23A14006B4C32 /* RequestParameterBase.swift in Sources */,
				8331336B21E2DF0900DE9F36 /* SortType.swift in Sources */,
				831B0E8821E10619006B4C32 /* UnsplashPhotoList.swift in Sources */,
				831B0E9621E238B9006B4C32 /* UnsplashRequestBaseDefault.swift in Sources */,
				8331336321E2CD9800DE9F36 /* UnsplashPhotoUrls.swift in Sources */,
				83780CD221E5A87C00B65AEE /* FeaturedViewController.swift in Sources */,
				831B0E7B21DF602B006B4C32 /* R.generated.swift in Sources */,
				83780CD821E63FEC00B65AEE /* Saved.swift in Sources */,
			);
			runOnlyForDeploymentPostprocessing = 0;
		};
/* End PBXSourcesBuildPhase section */

/* Begin PBXVariantGroup section */
		831A213021DE556D00E8822D /* Main.storyboard */ = {
			isa = PBXVariantGroup;
			children = (
				831A213121DE556D00E8822D /* Base */,
			);
			name = Main.storyboard;
			sourceTree = "<group>";
		};
		831A213521DE557500E8822D /* LaunchScreen.storyboard */ = {
			isa = PBXVariantGroup;
			children = (
				831A213621DE557500E8822D /* Base */,
			);
			name = LaunchScreen.storyboard;
			sourceTree = "<group>";
		};
/* End PBXVariantGroup section */

/* Begin XCBuildConfiguration section */
		831A213921DE557500E8822D /* Debug */ = {
			isa = XCBuildConfiguration;
			buildSettings = {
				ALWAYS_SEARCH_USER_PATHS = NO;
				CLANG_ANALYZER_NONNULL = YES;
				CLANG_ANALYZER_NUMBER_OBJECT_CONVERSION = YES_AGGRESSIVE;
				CLANG_CXX_LANGUAGE_STANDARD = "gnu++14";
				CLANG_CXX_LIBRARY = "libc++";
				CLANG_ENABLE_MODULES = YES;
				CLANG_ENABLE_OBJC_ARC = YES;
				CLANG_ENABLE_OBJC_WEAK = YES;
				CLANG_WARN_BLOCK_CAPTURE_AUTORELEASING = YES;
				CLANG_WARN_BOOL_CONVERSION = YES;
				CLANG_WARN_COMMA = YES;
				CLANG_WARN_CONSTANT_CONVERSION = YES;
				CLANG_WARN_DEPRECATED_OBJC_IMPLEMENTATIONS = YES;
				CLANG_WARN_DIRECT_OBJC_ISA_USAGE = YES_ERROR;
				CLANG_WARN_DOCUMENTATION_COMMENTS = YES;
				CLANG_WARN_EMPTY_BODY = YES;
				CLANG_WARN_ENUM_CONVERSION = YES;
				CLANG_WARN_INFINITE_RECURSION = YES;
				CLANG_WARN_INT_CONVERSION = YES;
				CLANG_WARN_NON_LITERAL_NULL_CONVERSION = YES;
				CLANG_WARN_OBJC_IMPLICIT_RETAIN_SELF = YES;
				CLANG_WARN_OBJC_LITERAL_CONVERSION = YES;
				CLANG_WARN_OBJC_ROOT_CLASS = YES_ERROR;
				CLANG_WARN_RANGE_LOOP_ANALYSIS = YES;
				CLANG_WARN_STRICT_PROTOTYPES = YES;
				CLANG_WARN_SUSPICIOUS_MOVE = YES;
				CLANG_WARN_UNGUARDED_AVAILABILITY = YES_AGGRESSIVE;
				CLANG_WARN_UNREACHABLE_CODE = YES;
				CLANG_WARN__DUPLICATE_METHOD_MATCH = YES;
				CODE_SIGN_IDENTITY = "iPhone Developer";
				COPY_PHASE_STRIP = NO;
				DEBUG_INFORMATION_FORMAT = dwarf;
				ENABLE_STRICT_OBJC_MSGSEND = YES;
				ENABLE_TESTABILITY = YES;
				GCC_C_LANGUAGE_STANDARD = gnu11;
				GCC_DYNAMIC_NO_PIC = NO;
				GCC_NO_COMMON_BLOCKS = YES;
				GCC_OPTIMIZATION_LEVEL = 0;
				GCC_PREPROCESSOR_DEFINITIONS = (
					"DEBUG=1",
					"$(inherited)",
				);
				GCC_WARN_64_TO_32_BIT_CONVERSION = YES;
				GCC_WARN_ABOUT_RETURN_TYPE = YES_ERROR;
				GCC_WARN_UNDECLARED_SELECTOR = YES;
				GCC_WARN_UNINITIALIZED_AUTOS = YES_AGGRESSIVE;
				GCC_WARN_UNUSED_FUNCTION = YES;
				GCC_WARN_UNUSED_VARIABLE = YES;
				IPHONEOS_DEPLOYMENT_TARGET = 12.1;
				MTL_ENABLE_DEBUG_INFO = INCLUDE_SOURCE;
				MTL_FAST_MATH = YES;
				ONLY_ACTIVE_ARCH = YES;
				SDKROOT = iphoneos;
				SWIFT_ACTIVE_COMPILATION_CONDITIONS = DEBUG;
				SWIFT_OPTIMIZATION_LEVEL = "-Onone";
			};
			name = Debug;
		};
		831A213A21DE557500E8822D /* Release */ = {
			isa = XCBuildConfiguration;
			buildSettings = {
				ALWAYS_SEARCH_USER_PATHS = NO;
				CLANG_ANALYZER_NONNULL = YES;
				CLANG_ANALYZER_NUMBER_OBJECT_CONVERSION = YES_AGGRESSIVE;
				CLANG_CXX_LANGUAGE_STANDARD = "gnu++14";
				CLANG_CXX_LIBRARY = "libc++";
				CLANG_ENABLE_MODULES = YES;
				CLANG_ENABLE_OBJC_ARC = YES;
				CLANG_ENABLE_OBJC_WEAK = YES;
				CLANG_WARN_BLOCK_CAPTURE_AUTORELEASING = YES;
				CLANG_WARN_BOOL_CONVERSION = YES;
				CLANG_WARN_COMMA = YES;
				CLANG_WARN_CONSTANT_CONVERSION = YES;
				CLANG_WARN_DEPRECATED_OBJC_IMPLEMENTATIONS = YES;
				CLANG_WARN_DIRECT_OBJC_ISA_USAGE = YES_ERROR;
				CLANG_WARN_DOCUMENTATION_COMMENTS = YES;
				CLANG_WARN_EMPTY_BODY = YES;
				CLANG_WARN_ENUM_CONVERSION = YES;
				CLANG_WARN_INFINITE_RECURSION = YES;
				CLANG_WARN_INT_CONVERSION = YES;
				CLANG_WARN_NON_LITERAL_NULL_CONVERSION = YES;
				CLANG_WARN_OBJC_IMPLICIT_RETAIN_SELF = YES;
				CLANG_WARN_OBJC_LITERAL_CONVERSION = YES;
				CLANG_WARN_OBJC_ROOT_CLASS = YES_ERROR;
				CLANG_WARN_RANGE_LOOP_ANALYSIS = YES;
				CLANG_WARN_STRICT_PROTOTYPES = YES;
				CLANG_WARN_SUSPICIOUS_MOVE = YES;
				CLANG_WARN_UNGUARDED_AVAILABILITY = YES_AGGRESSIVE;
				CLANG_WARN_UNREACHABLE_CODE = YES;
				CLANG_WARN__DUPLICATE_METHOD_MATCH = YES;
				CODE_SIGN_IDENTITY = "iPhone Developer";
				COPY_PHASE_STRIP = NO;
				DEBUG_INFORMATION_FORMAT = "dwarf-with-dsym";
				ENABLE_NS_ASSERTIONS = NO;
				ENABLE_STRICT_OBJC_MSGSEND = YES;
				GCC_C_LANGUAGE_STANDARD = gnu11;
				GCC_NO_COMMON_BLOCKS = YES;
				GCC_WARN_64_TO_32_BIT_CONVERSION = YES;
				GCC_WARN_ABOUT_RETURN_TYPE = YES_ERROR;
				GCC_WARN_UNDECLARED_SELECTOR = YES;
				GCC_WARN_UNINITIALIZED_AUTOS = YES_AGGRESSIVE;
				GCC_WARN_UNUSED_FUNCTION = YES;
				GCC_WARN_UNUSED_VARIABLE = YES;
				IPHONEOS_DEPLOYMENT_TARGET = 12.1;
				MTL_ENABLE_DEBUG_INFO = NO;
				MTL_FAST_MATH = YES;
				SDKROOT = iphoneos;
				SWIFT_COMPILATION_MODE = wholemodule;
				SWIFT_OPTIMIZATION_LEVEL = "-O";
				VALIDATE_PRODUCT = YES;
			};
			name = Release;
		};
		831A213C21DE557500E8822D /* Debug */ = {
			isa = XCBuildConfiguration;
			baseConfigurationReference = 8B805CCAE0E77FC7B42749F9 /* Pods-In Sight.debug.xcconfig */;
			buildSettings = {
				ASSETCATALOG_COMPILER_APPICON_NAME = AppIcon;
				CODE_SIGN_STYLE = Automatic;
				DEVELOPMENT_TEAM = 5T53223744;
				INFOPLIST_FILE = "In Sight/Info.plist";
				LD_RUNPATH_SEARCH_PATHS = (
					"$(inherited)",
					"@executable_path/Frameworks",
				);
				PRODUCT_BUNDLE_IDENTIFIER = "com.freelancer.In-Sight";
				PRODUCT_NAME = "$(TARGET_NAME)";
				SWIFT_VERSION = 4.2;
				TARGETED_DEVICE_FAMILY = "1,2";
			};
			name = Debug;
		};
		831A213D21DE557500E8822D /* Release */ = {
			isa = XCBuildConfiguration;
			baseConfigurationReference = 09EB277B61C0CB37301688FE /* Pods-In Sight.release.xcconfig */;
			buildSettings = {
				ASSETCATALOG_COMPILER_APPICON_NAME = AppIcon;
				CODE_SIGN_STYLE = Automatic;
				DEVELOPMENT_TEAM = 5T53223744;
				INFOPLIST_FILE = "In Sight/Info.plist";
				LD_RUNPATH_SEARCH_PATHS = (
					"$(inherited)",
					"@executable_path/Frameworks",
				);
				PRODUCT_BUNDLE_IDENTIFIER = "com.freelancer.In-Sight";
				PRODUCT_NAME = "$(TARGET_NAME)";
				SWIFT_VERSION = 4.2;
				TARGETED_DEVICE_FAMILY = "1,2";
			};
			name = Release;
		};
/* End XCBuildConfiguration section */

/* Begin XCConfigurationList section */
		831A212221DE556D00E8822D /* Build configuration list for PBXProject "In Sight" */ = {
			isa = XCConfigurationList;
			buildConfigurations = (
				831A213921DE557500E8822D /* Debug */,
				831A213A21DE557500E8822D /* Release */,
			);
			defaultConfigurationIsVisible = 0;
			defaultConfigurationName = Release;
		};
		831A213B21DE557500E8822D /* Build configuration list for PBXNativeTarget "In Sight" */ = {
			isa = XCConfigurationList;
			buildConfigurations = (
				831A213C21DE557500E8822D /* Debug */,
				831A213D21DE557500E8822D /* Release */,
			);
			defaultConfigurationIsVisible = 0;
			defaultConfigurationName = Release;
		};
/* End XCConfigurationList section */
	};
	rootObject = 831A211F21DE556D00E8822D /* Project object */;
}
