// !$*UTF8*$!
{
	archiveVersion = 1;
	classes = {
	};
	objectVersion = 50;
	objects = {

/* Begin PBXBuildFile section */
		831A212B21DE556D00E8822D /* AppDelegate.swift in Sources */ = {isa = PBXBuildFile; fileRef = 831A212A21DE556D00E8822D /* AppDelegate.swift */; };
		831A212D21DE556D00E8822D /* FirstViewController.swift in Sources */ = {isa = PBXBuildFile; fileRef = 831A212C21DE556D00E8822D /* FirstViewController.swift */; };
		831A212F21DE556D00E8822D /* SecondViewController.swift in Sources */ = {isa = PBXBuildFile; fileRef = 831A212E21DE556D00E8822D /* SecondViewController.swift */; };
		831A213221DE556D00E8822D /* Main.storyboard in Resources */ = {isa = PBXBuildFile; fileRef = 831A213021DE556D00E8822D /* Main.storyboard */; };
		831A213421DE557500E8822D /* Assets.xcassets in Resources */ = {isa = PBXBuildFile; fileRef = 831A213321DE557500E8822D /* Assets.xcassets */; };
		831A213721DE557500E8822D /* LaunchScreen.storyboard in Resources */ = {isa = PBXBuildFile; fileRef = 831A213521DE557500E8822D /* LaunchScreen.storyboard */; };
		831A214721DF439100E8822D /* Favorites.storyboard in Resources */ = {isa = PBXBuildFile; fileRef = 831A214621DF439100E8822D /* Favorites.storyboard */; };
		831A214921DF43A400E8822D /* Featured.storyboard in Resources */ = {isa = PBXBuildFile; fileRef = 831A214821DF43A400E8822D /* Featured.storyboard */; };
		831A214C21DF54E300E8822D /* Gallery.storyboard in Resources */ = {isa = PBXBuildFile; fileRef = 831A214B21DF54E300E8822D /* Gallery.storyboard */; };
		831A215121DF554100E8822D /* ImageCell.swift in Sources */ = {isa = PBXBuildFile; fileRef = 831A214F21DF554100E8822D /* ImageCell.swift */; };
		831A215221DF554100E8822D /* ImageCell.xib in Resources */ = {isa = PBXBuildFile; fileRef = 831A215021DF554100E8822D /* ImageCell.xib */; };
		831A215421DF555700E8822D /* GalleryViewController.swift in Sources */ = {isa = PBXBuildFile; fileRef = 831A215321DF555700E8822D /* GalleryViewController.swift */; };
/* End PBXBuildFile section */

/* Begin PBXFileReference section */
		831A212721DE556D00E8822D /* In Sight.app */ = {isa = PBXFileReference; explicitFileType = wrapper.application; includeInIndex = 0; path = "In Sight.app"; sourceTree = BUILT_PRODUCTS_DIR; };
		831A212A21DE556D00E8822D /* AppDelegate.swift */ = {isa = PBXFileReference; lastKnownFileType = sourcecode.swift; path = AppDelegate.swift; sourceTree = "<group>"; };
		831A212C21DE556D00E8822D /* FirstViewController.swift */ = {isa = PBXFileReference; lastKnownFileType = sourcecode.swift; path = FirstViewController.swift; sourceTree = "<group>"; };
		831A212E21DE556D00E8822D /* SecondViewController.swift */ = {isa = PBXFileReference; lastKnownFileType = sourcecode.swift; path = SecondViewController.swift; sourceTree = "<group>"; };
		831A213121DE556D00E8822D /* Base */ = {isa = PBXFileReference; lastKnownFileType = file.storyboard; name = Base; path = Base.lproj/Main.storyboard; sourceTree = "<group>"; };
		831A213321DE557500E8822D /* Assets.xcassets */ = {isa = PBXFileReference; lastKnownFileType = folder.assetcatalog; path = Assets.xcassets; sourceTree = "<group>"; };
		831A213621DE557500E8822D /* Base */ = {isa = PBXFileReference; lastKnownFileType = file.storyboard; name = Base; path = Base.lproj/LaunchScreen.storyboard; sourceTree = "<group>"; };
		831A213821DE557500E8822D /* Info.plist */ = {isa = PBXFileReference; lastKnownFileType = text.plist.xml; path = Info.plist; sourceTree = "<group>"; };
		831A214621DF439100E8822D /* Favorites.storyboard */ = {isa = PBXFileReference; lastKnownFileType = file.storyboard; path = Favorites.storyboard; sourceTree = "<group>"; };
		831A214821DF43A400E8822D /* Featured.storyboard */ = {isa = PBXFileReference; lastKnownFileType = file.storyboard; path = Featured.storyboard; sourceTree = "<group>"; };
		831A214B21DF54E300E8822D /* Gallery.storyboard */ = {isa = PBXFileReference; lastKnownFileType = file.storyboard; path = Gallery.storyboard; sourceTree = "<group>"; };
		831A214F21DF554100E8822D /* ImageCell.swift */ = {isa = PBXFileReference; lastKnownFileType = sourcecode.swift; path = ImageCell.swift; sourceTree = "<group>"; };
		831A215021DF554100E8822D /* ImageCell.xib */ = {isa = PBXFileReference; lastKnownFileType = file.xib; path = ImageCell.xib; sourceTree = "<group>"; };
		831A215321DF555700E8822D /* GalleryViewController.swift */ = {isa = PBXFileReference; lastKnownFileType = sourcecode.swift; path = GalleryViewController.swift; sourceTree = "<group>"; };
/* End PBXFileReference section */

/* Begin PBXFrameworksBuildPhase section */
		831A212421DE556D00E8822D /* Frameworks */ = {
			isa = PBXFrameworksBuildPhase;
			buildActionMask = 2147483647;
			files = (
			);
			runOnlyForDeploymentPostprocessing = 0;
		};
/* End PBXFrameworksBuildPhase section */

/* Begin PBXGroup section */
		831A211E21DE556D00E8822D = {
			isa = PBXGroup;
			children = (
				831A212921DE556D00E8822D /* In Sight */,
				831A212821DE556D00E8822D /* Products */,
			);
			sourceTree = "<group>";
		};
		831A212821DE556D00E8822D /* Products */ = {
			isa = PBXGroup;
			children = (
				831A212721DE556D00E8822D /* In Sight.app */,
			);
			name = Products;
			sourceTree = "<group>";
		};
		831A212921DE556D00E8822D /* In Sight */ = {
			isa = PBXGroup;
			children = (
				831A214221DE55C300E8822D /* Models */,
				831A214121DE55AF00E8822D /* Views */,
				831A213F21DE558F00E8822D /* Networking */,
				831A213E21DE558600E8822D /* Controllers */,
				831A214021DE559A00E8822D /* Extensions */,
				831A212A21DE556D00E8822D /* AppDelegate.swift */,
				831A212C21DE556D00E8822D /* FirstViewController.swift */,
				831A212E21DE556D00E8822D /* SecondViewController.swift */,
				831A213321DE557500E8822D /* Assets.xcassets */,
				831A213521DE557500E8822D /* LaunchScreen.storyboard */,
				831A213821DE557500E8822D /* Info.plist */,
			);
			path = "In Sight";
			sourceTree = "<group>";
		};
		831A213E21DE558600E8822D /* Controllers */ = {
			isa = PBXGroup;
			children = (
				831A214D21DF551B00E8822D /* Common */,
				831A214521DF2AF600E8822D /* Main */,
				831A214421DF2AE800E8822D /* Favorites */,
				831A214321DE563700E8822D /* Featured */,
			);
			path = Controllers;
			sourceTree = "<group>";
		};
		831A213F21DE558F00E8822D /* Networking */ = {
			isa = PBXGroup;
			children = (
			);
			path = Networking;
			sourceTree = "<group>";
		};
		831A214021DE559A00E8822D /* Extensions */ = {
			isa = PBXGroup;
			children = (
			);
			path = Extensions;
			sourceTree = "<group>";
		};
		831A214121DE55AF00E8822D /* Views */ = {
			isa = PBXGroup;
			children = (
			);
			path = Views;
			sourceTree = "<group>";
		};
		831A214221DE55C300E8822D /* Models */ = {
			isa = PBXGroup;
			children = (
			);
			path = Models;
			sourceTree = "<group>";
		};
		831A214321DE563700E8822D /* Featured */ = {
			isa = PBXGroup;
			children = (
				831A214821DF43A400E8822D /* Featured.storyboard */,
			);
			path = Featured;
			sourceTree = "<group>";
		};
		831A214421DF2AE800E8822D /* Favorites */ = {
			isa = PBXGroup;
			children = (
				831A214621DF439100E8822D /* Favorites.storyboard */,
			);
			path = Favorites;
			sourceTree = "<group>";
		};
		831A214521DF2AF600E8822D /* Main */ = {
			isa = PBXGroup;
			children = (
				831A213021DE556D00E8822D /* Main.storyboard */,
			);
			path = Main;
			sourceTree = "<group>";
		};
		831A214A21DF54CA00E8822D /* Gallery */ = {
			isa = PBXGroup;
			children = (
				831A214B21DF54E300E8822D /* Gallery.storyboard */,
				831A215321DF555700E8822D /* GalleryViewController.swift */,
				831A214E21DF552A00E8822D /* Views */,
			);
			path = Gallery;
			sourceTree = "<group>";
		};
		831A214D21DF551B00E8822D /* Common */ = {
			isa = PBXGroup;
			children = (
				831A214A21DF54CA00E8822D /* Gallery */,
			);
			path = Common;
			sourceTree = "<group>";
		};
		831A214E21DF552A00E8822D /* Views */ = {
			isa = PBXGroup;
			children = (
				831A214F21DF554100E8822D /* ImageCell.swift */,
				831A215021DF554100E8822D /* ImageCell.xib */,
			);
			path = Views;
			sourceTree = "<group>";
		};
/* End PBXGroup section */

/* Begin PBXNativeTarget section */
		831A212621DE556D00E8822D /* In Sight */ = {
			isa = PBXNativeTarget;
			buildConfigurationList = 831A213B21DE557500E8822D /* Build configuration list for PBXNativeTarget "In Sight" */;
			buildPhases = (
				831A212321DE556D00E8822D /* Sources */,
				831A212421DE556D00E8822D /* Frameworks */,
				831A212521DE556D00E8822D /* Resources */,
			);
			buildRules = (
			);
			dependencies = (
			);
			name = "In Sight";
			productName = "In Sight";
			productReference = 831A212721DE556D00E8822D /* In Sight.app */;
			productType = "com.apple.product-type.application";
		};
/* End PBXNativeTarget section */

/* Begin PBXProject section */
		831A211F21DE556D00E8822D /* Project object */ = {
			isa = PBXProject;
			attributes = {
				LastSwiftUpdateCheck = 1010;
				LastUpgradeCheck = 1010;
				ORGANIZATIONNAME = Freelancer;
				TargetAttributes = {
					831A212621DE556D00E8822D = {
						CreatedOnToolsVersion = 10.1;
					};
				};
			};
			buildConfigurationList = 831A212221DE556D00E8822D /* Build configuration list for PBXProject "In Sight" */;
			compatibilityVersion = "Xcode 9.3";
			developmentRegion = en;
			hasScannedForEncodings = 0;
			knownRegions = (
				en,
				Base,
			);
			mainGroup = 831A211E21DE556D00E8822D;
			productRefGroup = 831A212821DE556D00E8822D /* Products */;
			projectDirPath = "";
			projectRoot = "";
			targets = (
				831A212621DE556D00E8822D /* In Sight */,
			);
		};
/* End PBXProject section */

/* Begin PBXResourcesBuildPhase section */
		831A212521DE556D00E8822D /* Resources */ = {
			isa = PBXResourcesBuildPhase;
			buildActionMask = 2147483647;
			files = (
				831A213721DE557500E8822D /* LaunchScreen.storyboard in Resources */,
				831A214C21DF54E300E8822D /* Gallery.storyboard in Resources */,
				831A215221DF554100E8822D /* ImageCell.xib in Resources */,
				831A214921DF43A400E8822D /* Featured.storyboard in Resources */,
				831A213421DE557500E8822D /* Assets.xcassets in Resources */,
				831A214721DF439100E8822D /* Favorites.storyboard in Resources */,
				831A213221DE556D00E8822D /* Main.storyboard in Resources */,
			);
			runOnlyForDeploymentPostprocessing = 0;
		};
/* End PBXResourcesBuildPhase section */

/* Begin PBXSourcesBuildPhase section */
		831A212321DE556D00E8822D /* Sources */ = {
			isa = PBXSourcesBuildPhase;
			buildActionMask = 2147483647;
			files = (
				831A212F21DE556D00E8822D /* SecondViewController.swift in Sources */,
				831A215121DF554100E8822D /* ImageCell.swift in Sources */,
				831A215421DF555700E8822D /* GalleryViewController.swift in Sources */,
				831A212B21DE556D00E8822D /* AppDelegate.swift in Sources */,
				831A212D21DE556D00E8822D /* FirstViewController.swift in Sources */,
			);
			runOnlyForDeploymentPostprocessing = 0;
		};
/* End PBXSourcesBuildPhase section */

/* Begin PBXVariantGroup section */
		831A213021DE556D00E8822D /* Main.storyboard */ = {
			isa = PBXVariantGroup;
			children = (
				831A213121DE556D00E8822D /* Base */,
			);
			name = Main.storyboard;
			sourceTree = "<group>";
		};
		831A213521DE557500E8822D /* LaunchScreen.storyboard */ = {
			isa = PBXVariantGroup;
			children = (
				831A213621DE557500E8822D /* Base */,
			);
			name = LaunchScreen.storyboard;
			sourceTree = "<group>";
		};
/* End PBXVariantGroup section */

/* Begin XCBuildConfiguration section */
		831A213921DE557500E8822D /* Debug */ = {
			isa = XCBuildConfiguration;
			buildSettings = {
				ALWAYS_SEARCH_USER_PATHS = NO;
				CLANG_ANALYZER_NONNULL = YES;
				CLANG_ANALYZER_NUMBER_OBJECT_CONVERSION = YES_AGGRESSIVE;
				CLANG_CXX_LANGUAGE_STANDARD = "gnu++14";
				CLANG_CXX_LIBRARY = "libc++";
				CLANG_ENABLE_MODULES = YES;
				CLANG_ENABLE_OBJC_ARC = YES;
				CLANG_ENABLE_OBJC_WEAK = YES;
				CLANG_WARN_BLOCK_CAPTURE_AUTORELEASING = YES;
				CLANG_WARN_BOOL_CONVERSION = YES;
				CLANG_WARN_COMMA = YES;
				CLANG_WARN_CONSTANT_CONVERSION = YES;
				CLANG_WARN_DEPRECATED_OBJC_IMPLEMENTATIONS = YES;
				CLANG_WARN_DIRECT_OBJC_ISA_USAGE = YES_ERROR;
				CLANG_WARN_DOCUMENTATION_COMMENTS = YES;
				CLANG_WARN_EMPTY_BODY = YES;
				CLANG_WARN_ENUM_CONVERSION = YES;
				CLANG_WARN_INFINITE_RECURSION = YES;
				CLANG_WARN_INT_CONVERSION = YES;
				CLANG_WARN_NON_LITERAL_NULL_CONVERSION = YES;
				CLANG_WARN_OBJC_IMPLICIT_RETAIN_SELF = YES;
				CLANG_WARN_OBJC_LITERAL_CONVERSION = YES;
				CLANG_WARN_OBJC_ROOT_CLASS = YES_ERROR;
				CLANG_WARN_RANGE_LOOP_ANALYSIS = YES;
				CLANG_WARN_STRICT_PROTOTYPES = YES;
				CLANG_WARN_SUSPICIOUS_MOVE = YES;
				CLANG_WARN_UNGUARDED_AVAILABILITY = YES_AGGRESSIVE;
				CLANG_WARN_UNREACHABLE_CODE = YES;
				CLANG_WARN__DUPLICATE_METHOD_MATCH = YES;
				CODE_SIGN_IDENTITY = "iPhone Developer";
				COPY_PHASE_STRIP = NO;
				DEBUG_INFORMATION_FORMAT = dwarf;
				ENABLE_STRICT_OBJC_MSGSEND = YES;
				ENABLE_TESTABILITY = YES;
				GCC_C_LANGUAGE_STANDARD = gnu11;
				GCC_DYNAMIC_NO_PIC = NO;
				GCC_NO_COMMON_BLOCKS = YES;
				GCC_OPTIMIZATION_LEVEL = 0;
				GCC_PREPROCESSOR_DEFINITIONS = (
					"DEBUG=1",
					"$(inherited)",
				);
				GCC_WARN_64_TO_32_BIT_CONVERSION = YES;
				GCC_WARN_ABOUT_RETURN_TYPE = YES_ERROR;
				GCC_WARN_UNDECLARED_SELECTOR = YES;
				GCC_WARN_UNINITIALIZED_AUTOS = YES_AGGRESSIVE;
				GCC_WARN_UNUSED_FUNCTION = YES;
				GCC_WARN_UNUSED_VARIABLE = YES;
				IPHONEOS_DEPLOYMENT_TARGET = 12.1;
				MTL_ENABLE_DEBUG_INFO = INCLUDE_SOURCE;
				MTL_FAST_MATH = YES;
				ONLY_ACTIVE_ARCH = YES;
				SDKROOT = iphoneos;
				SWIFT_ACTIVE_COMPILATION_CONDITIONS = DEBUG;
				SWIFT_OPTIMIZATION_LEVEL = "-Onone";
			};
			name = Debug;
		};
		831A213A21DE557500E8822D /* Release */ = {
			isa = XCBuildConfiguration;
			buildSettings = {
				ALWAYS_SEARCH_USER_PATHS = NO;
				CLANG_ANALYZER_NONNULL = YES;
				CLANG_ANALYZER_NUMBER_OBJECT_CONVERSION = YES_AGGRESSIVE;
				CLANG_CXX_LANGUAGE_STANDARD = "gnu++14";
				CLANG_CXX_LIBRARY = "libc++";
				CLANG_ENABLE_MODULES = YES;
				CLANG_ENABLE_OBJC_ARC = YES;
				CLANG_ENABLE_OBJC_WEAK = YES;
				CLANG_WARN_BLOCK_CAPTURE_AUTORELEASING = YES;
				CLANG_WARN_BOOL_CONVERSION = YES;
				CLANG_WARN_COMMA = YES;
				CLANG_WARN_CONSTANT_CONVERSION = YES;
				CLANG_WARN_DEPRECATED_OBJC_IMPLEMENTATIONS = YES;
				CLANG_WARN_DIRECT_OBJC_ISA_USAGE = YES_ERROR;
				CLANG_WARN_DOCUMENTATION_COMMENTS = YES;
				CLANG_WARN_EMPTY_BODY = YES;
				CLANG_WARN_ENUM_CONVERSION = YES;
				CLANG_WARN_INFINITE_RECURSION = YES;
				CLANG_WARN_INT_CONVERSION = YES;
				CLANG_WARN_NON_LITERAL_NULL_CONVERSION = YES;
				CLANG_WARN_OBJC_IMPLICIT_RETAIN_SELF = YES;
				CLANG_WARN_OBJC_LITERAL_CONVERSION = YES;
				CLANG_WARN_OBJC_ROOT_CLASS = YES_ERROR;
				CLANG_WARN_RANGE_LOOP_ANALYSIS = YES;
				CLANG_WARN_STRICT_PROTOTYPES = YES;
				CLANG_WARN_SUSPICIOUS_MOVE = YES;
				CLANG_WARN_UNGUARDED_AVAILABILITY = YES_AGGRESSIVE;
				CLANG_WARN_UNREACHABLE_CODE = YES;
				CLANG_WARN__DUPLICATE_METHOD_MATCH = YES;
				CODE_SIGN_IDENTITY = "iPhone Developer";
				COPY_PHASE_STRIP = NO;
				DEBUG_INFORMATION_FORMAT = "dwarf-with-dsym";
				ENABLE_NS_ASSERTIONS = NO;
				ENABLE_STRICT_OBJC_MSGSEND = YES;
				GCC_C_LANGUAGE_STANDARD = gnu11;
				GCC_NO_COMMON_BLOCKS = YES;
				GCC_WARN_64_TO_32_BIT_CONVERSION = YES;
				GCC_WARN_ABOUT_RETURN_TYPE = YES_ERROR;
				GCC_WARN_UNDECLARED_SELECTOR = YES;
				GCC_WARN_UNINITIALIZED_AUTOS = YES_AGGRESSIVE;
				GCC_WARN_UNUSED_FUNCTION = YES;
				GCC_WARN_UNUSED_VARIABLE = YES;
				IPHONEOS_DEPLOYMENT_TARGET = 12.1;
				MTL_ENABLE_DEBUG_INFO = NO;
				MTL_FAST_MATH = YES;
				SDKROOT = iphoneos;
				SWIFT_COMPILATION_MODE = wholemodule;
				SWIFT_OPTIMIZATION_LEVEL = "-O";
				VALIDATE_PRODUCT = YES;
			};
			name = Release;
		};
		831A213C21DE557500E8822D /* Debug */ = {
			isa = XCBuildConfiguration;
			buildSettings = {
				ASSETCATALOG_COMPILER_APPICON_NAME = AppIcon;
				CODE_SIGN_STYLE = Automatic;
				DEVELOPMENT_TEAM = 5T53223744;
				INFOPLIST_FILE = "In Sight/Info.plist";
				LD_RUNPATH_SEARCH_PATHS = (
					"$(inherited)",
					"@executable_path/Frameworks",
				);
				PRODUCT_BUNDLE_IDENTIFIER = "com.freelancer.In-Sight";
				PRODUCT_NAME = "$(TARGET_NAME)";
				SWIFT_VERSION = 4.2;
				TARGETED_DEVICE_FAMILY = "1,2";
			};
			name = Debug;
		};
		831A213D21DE557500E8822D /* Release */ = {
			isa = XCBuildConfiguration;
			buildSettings = {
				ASSETCATALOG_COMPILER_APPICON_NAME = AppIcon;
				CODE_SIGN_STYLE = Automatic;
				DEVELOPMENT_TEAM = 5T53223744;
				INFOPLIST_FILE = "In Sight/Info.plist";
				LD_RUNPATH_SEARCH_PATHS = (
					"$(inherited)",
					"@executable_path/Frameworks",
				);
				PRODUCT_BUNDLE_IDENTIFIER = "com.freelancer.In-Sight";
				PRODUCT_NAME = "$(TARGET_NAME)";
				SWIFT_VERSION = 4.2;
				TARGETED_DEVICE_FAMILY = "1,2";
			};
			name = Release;
		};
/* End XCBuildConfiguration section */

/* Begin XCConfigurationList section */
		831A212221DE556D00E8822D /* Build configuration list for PBXProject "In Sight" */ = {
			isa = XCConfigurationList;
			buildConfigurations = (
				831A213921DE557500E8822D /* Debug */,
				831A213A21DE557500E8822D /* Release */,
			);
			defaultConfigurationIsVisible = 0;
			defaultConfigurationName = Release;
		};
		831A213B21DE557500E8822D /* Build configuration list for PBXNativeTarget "In Sight" */ = {
			isa = XCConfigurationList;
			buildConfigurations = (
				831A213C21DE557500E8822D /* Debug */,
				831A213D21DE557500E8822D /* Release */,
			);
			defaultConfigurationIsVisible = 0;
			defaultConfigurationName = Release;
		};
/* End XCConfigurationList section */
	};
	rootObject = 831A211F21DE556D00E8822D /* Project object */;
}
